// !$*UTF8*$!
{
	archiveVersion = 1;
	classes = {
	};
	objectVersion = 46;
	objects = {

/* Begin PBXBuildFile section */
		270C73181D1D297300D45DAE /* main.m in Sources */ = {isa = PBXBuildFile; fileRef = 270C73171D1D297300D45DAE /* main.m */; };
		270C73231D1D297300D45DAE /* Assets.xcassets in Resources */ = {isa = PBXBuildFile; fileRef = 270C73221D1D297300D45DAE /* Assets.xcassets */; };
		270C73261D1D297300D45DAE /* LaunchScreen.storyboard in Resources */ = {isa = PBXBuildFile; fileRef = 270C73241D1D297300D45DAE /* LaunchScreen.storyboard */; };
		270C73321D1D299900D45DAE /* AppDelegate.m in Sources */ = {isa = PBXBuildFile; fileRef = 270C732F1D1D299900D45DAE /* AppDelegate.m */; };
		270C733C1D1D2BB400D45DAE /* HomeViewController.m in Sources */ = {isa = PBXBuildFile; fileRef = 270C733A1D1D2BB400D45DAE /* HomeViewController.m */; };
		270C733D1D1D2BB400D45DAE /* HomeViewController.xib in Resources */ = {isa = PBXBuildFile; fileRef = 270C733B1D1D2BB400D45DAE /* HomeViewController.xib */; };
		270C73411D1D353600D45DAE /* HomeItemCell.m in Sources */ = {isa = PBXBuildFile; fileRef = 270C73401D1D353600D45DAE /* HomeItemCell.m */; };
		270C73431D1D360D00D45DAE /* HomeItemCell.xib in Resources */ = {isa = PBXBuildFile; fileRef = 270C73421D1D360D00D45DAE /* HomeItemCell.xib */; };
		270C734C1D1D47FA00D45DAE /* Foundation+Log.m in Sources */ = {isa = PBXBuildFile; fileRef = 270C73451D1D47FA00D45DAE /* Foundation+Log.m */; };
		270C734D1D1D47FA00D45DAE /* UIBarButtonIten+Extension.m in Sources */ = {isa = PBXBuildFile; fileRef = 270C73471D1D47FA00D45DAE /* UIBarButtonIten+Extension.m */; };
		270C734E1D1D47FA00D45DAE /* UIView+AutoLayout.m in Sources */ = {isa = PBXBuildFile; fileRef = 270C73491D1D47FA00D45DAE /* UIView+AutoLayout.m */; };
		270C734F1D1D47FA00D45DAE /* UIView+Extension.m in Sources */ = {isa = PBXBuildFile; fileRef = 270C734B1D1D47FA00D45DAE /* UIView+Extension.m */; };
		270C73521D1D502700D45DAE /* ContentViewController.m in Sources */ = {isa = PBXBuildFile; fileRef = 270C73511D1D502700D45DAE /* ContentViewController.m */; };
		270C73561D210A3800D45DAE /* ContentMenuView.m in Sources */ = {isa = PBXBuildFile; fileRef = 270C73541D210A3800D45DAE /* ContentMenuView.m */; };
		270C73591D21108000D45DAE /* ContentMenuView.xib in Resources */ = {isa = PBXBuildFile; fileRef = 270C73581D21108000D45DAE /* ContentMenuView.xib */; };
		270C73631D2119E500D45DAE /* CatalogCell.m in Sources */ = {isa = PBXBuildFile; fileRef = 270C73611D2119E500D45DAE /* CatalogCell.m */; };
		270C73641D2119E500D45DAE /* CatalogCell.xib in Resources */ = {isa = PBXBuildFile; fileRef = 270C73621D2119E500D45DAE /* CatalogCell.xib */; };
		270C73671D211DB800D45DAE /* CatalogView.m in Sources */ = {isa = PBXBuildFile; fileRef = 270C73661D211DB800D45DAE /* CatalogView.m */; };
		270C73A31D227ABB00D45DAE /* JavaScriptCore.framework in Frameworks */ = {isa = PBXBuildFile; fileRef = 270C73A21D227ABB00D45DAE /* JavaScriptCore.framework */; };
		270C73A51D237BD300D45DAE /* 7er.plist in Resources */ = {isa = PBXBuildFile; fileRef = 270C73A41D237BD300D45DAE /* 7er.plist */; };
		270C73A81D238B0500D45DAE /* Catalog.m in Sources */ = {isa = PBXBuildFile; fileRef = 270C73A71D238B0500D45DAE /* Catalog.m */; };
		270C73C11D238B4700D45DAE /* MJArgument.m in Sources */ = {isa = PBXBuildFile; fileRef = 270C73AB1D238B4700D45DAE /* MJArgument.m */; };
		270C73C21D238B4700D45DAE /* MJConst.m in Sources */ = {isa = PBXBuildFile; fileRef = 270C73AD1D238B4700D45DAE /* MJConst.m */; };
		270C73C31D238B4700D45DAE /* MJFoundation.m in Sources */ = {isa = PBXBuildFile; fileRef = 270C73B01D238B4700D45DAE /* MJFoundation.m */; };
		270C73C41D238B4700D45DAE /* MJIvar.m in Sources */ = {isa = PBXBuildFile; fileRef = 270C73B21D238B4700D45DAE /* MJIvar.m */; };
		270C73C51D238B4700D45DAE /* MJMember.m in Sources */ = {isa = PBXBuildFile; fileRef = 270C73B41D238B4700D45DAE /* MJMember.m */; };
		270C73C61D238B4700D45DAE /* MJMethod.m in Sources */ = {isa = PBXBuildFile; fileRef = 270C73B61D238B4700D45DAE /* MJMethod.m */; };
		270C73C71D238B4700D45DAE /* MJType.m in Sources */ = {isa = PBXBuildFile; fileRef = 270C73B81D238B4700D45DAE /* MJType.m */; };
		270C73C81D238B4700D45DAE /* MJTypeEncoding.m in Sources */ = {isa = PBXBuildFile; fileRef = 270C73BA1D238B4700D45DAE /* MJTypeEncoding.m */; };
		270C73C91D238B4700D45DAE /* NSObject+MJCoding.m in Sources */ = {isa = PBXBuildFile; fileRef = 270C73BC1D238B4700D45DAE /* NSObject+MJCoding.m */; };
		270C73CA1D238B4700D45DAE /* NSObject+MJKeyValue.m in Sources */ = {isa = PBXBuildFile; fileRef = 270C73BE1D238B4700D45DAE /* NSObject+MJKeyValue.m */; };
		270C73CB1D238B4700D45DAE /* NSObject+MJMember.m in Sources */ = {isa = PBXBuildFile; fileRef = 270C73C01D238B4700D45DAE /* NSObject+MJMember.m */; };
		2719F4EF1D23C2E20035DB5B /* web01 in Resources */ = {isa = PBXBuildFile; fileRef = 2719F4EE1D23C2E20035DB5B /* web01 */; };
		276441431D24C4E20081E4C2 /* gaoxiaodongli_v7.mp4 in Resources */ = {isa = PBXBuildFile; fileRef = 276441421D24C4E20081E4C2 /* gaoxiaodongli_v7.mp4 */; };
/* End PBXBuildFile section */

/* Begin PBXFileReference section */
		270C73131D1D297300D45DAE /* CarBook.app */ = {isa = PBXFileReference; explicitFileType = wrapper.application; includeInIndex = 0; path = CarBook.app; sourceTree = BUILT_PRODUCTS_DIR; };
		270C73171D1D297300D45DAE /* main.m */ = {isa = PBXFileReference; lastKnownFileType = sourcecode.c.objc; path = main.m; sourceTree = "<group>"; };
		270C73221D1D297300D45DAE /* Assets.xcassets */ = {isa = PBXFileReference; lastKnownFileType = folder.assetcatalog; path = Assets.xcassets; sourceTree = "<group>"; };
		270C73251D1D297300D45DAE /* Base */ = {isa = PBXFileReference; lastKnownFileType = file.storyboard; name = Base; path = Base.lproj/LaunchScreen.storyboard; sourceTree = "<group>"; };
		270C73271D1D297300D45DAE /* Info.plist */ = {isa = PBXFileReference; lastKnownFileType = text.plist.xml; path = Info.plist; sourceTree = "<group>"; };
		270C732E1D1D299900D45DAE /* AppDelegate.h */ = {isa = PBXFileReference; fileEncoding = 4; lastKnownFileType = sourcecode.c.h; path = AppDelegate.h; sourceTree = "<group>"; };
		270C732F1D1D299900D45DAE /* AppDelegate.m */ = {isa = PBXFileReference; fileEncoding = 4; lastKnownFileType = sourcecode.c.objc; path = AppDelegate.m; sourceTree = "<group>"; };
		270C73391D1D2BB400D45DAE /* HomeViewController.h */ = {isa = PBXFileReference; fileEncoding = 4; lastKnownFileType = sourcecode.c.h; path = HomeViewController.h; sourceTree = "<group>"; };
		270C733A1D1D2BB400D45DAE /* HomeViewController.m */ = {isa = PBXFileReference; fileEncoding = 4; lastKnownFileType = sourcecode.c.objc; path = HomeViewController.m; sourceTree = "<group>"; };
		270C733B1D1D2BB400D45DAE /* HomeViewController.xib */ = {isa = PBXFileReference; fileEncoding = 4; lastKnownFileType = file.xib; path = HomeViewController.xib; sourceTree = "<group>"; };
		270C733F1D1D353600D45DAE /* HomeItemCell.h */ = {isa = PBXFileReference; fileEncoding = 4; lastKnownFileType = sourcecode.c.h; path = HomeItemCell.h; sourceTree = "<group>"; };
		270C73401D1D353600D45DAE /* HomeItemCell.m */ = {isa = PBXFileReference; fileEncoding = 4; lastKnownFileType = sourcecode.c.objc; path = HomeItemCell.m; sourceTree = "<group>"; };
		270C73421D1D360D00D45DAE /* HomeItemCell.xib */ = {isa = PBXFileReference; fileEncoding = 4; lastKnownFileType = file.xib; path = HomeItemCell.xib; sourceTree = "<group>"; };
		270C73451D1D47FA00D45DAE /* Foundation+Log.m */ = {isa = PBXFileReference; fileEncoding = 4; lastKnownFileType = sourcecode.c.objc; path = "Foundation+Log.m"; sourceTree = "<group>"; };
		270C73461D1D47FA00D45DAE /* UIBarButtonIten+Extension.h */ = {isa = PBXFileReference; fileEncoding = 4; lastKnownFileType = sourcecode.c.h; path = "UIBarButtonIten+Extension.h"; sourceTree = "<group>"; };
		270C73471D1D47FA00D45DAE /* UIBarButtonIten+Extension.m */ = {isa = PBXFileReference; fileEncoding = 4; lastKnownFileType = sourcecode.c.objc; path = "UIBarButtonIten+Extension.m"; sourceTree = "<group>"; };
		270C73481D1D47FA00D45DAE /* UIView+AutoLayout.h */ = {isa = PBXFileReference; fileEncoding = 4; lastKnownFileType = sourcecode.c.h; path = "UIView+AutoLayout.h"; sourceTree = "<group>"; };
		270C73491D1D47FA00D45DAE /* UIView+AutoLayout.m */ = {isa = PBXFileReference; fileEncoding = 4; lastKnownFileType = sourcecode.c.objc; path = "UIView+AutoLayout.m"; sourceTree = "<group>"; };
		270C734A1D1D47FA00D45DAE /* UIView+Extension.h */ = {isa = PBXFileReference; fileEncoding = 4; lastKnownFileType = sourcecode.c.h; path = "UIView+Extension.h"; sourceTree = "<group>"; };
		270C734B1D1D47FA00D45DAE /* UIView+Extension.m */ = {isa = PBXFileReference; fileEncoding = 4; lastKnownFileType = sourcecode.c.objc; path = "UIView+Extension.m"; sourceTree = "<group>"; };
		270C73501D1D502700D45DAE /* ContentViewController.h */ = {isa = PBXFileReference; fileEncoding = 4; lastKnownFileType = sourcecode.c.h; path = ContentViewController.h; sourceTree = "<group>"; };
		270C73511D1D502700D45DAE /* ContentViewController.m */ = {isa = PBXFileReference; fileEncoding = 4; lastKnownFileType = sourcecode.c.objc; path = ContentViewController.m; sourceTree = "<group>"; };
		270C73531D210A3800D45DAE /* ContentMenuView.h */ = {isa = PBXFileReference; fileEncoding = 4; lastKnownFileType = sourcecode.c.h; path = ContentMenuView.h; sourceTree = "<group>"; };
		270C73541D210A3800D45DAE /* ContentMenuView.m */ = {isa = PBXFileReference; fileEncoding = 4; lastKnownFileType = sourcecode.c.objc; path = ContentMenuView.m; sourceTree = "<group>"; };
		270C73581D21108000D45DAE /* ContentMenuView.xib */ = {isa = PBXFileReference; fileEncoding = 4; lastKnownFileType = file.xib; path = ContentMenuView.xib; sourceTree = "<group>"; };
		270C73601D2119E500D45DAE /* CatalogCell.h */ = {isa = PBXFileReference; fileEncoding = 4; lastKnownFileType = sourcecode.c.h; path = CatalogCell.h; sourceTree = "<group>"; };
		270C73611D2119E500D45DAE /* CatalogCell.m */ = {isa = PBXFileReference; fileEncoding = 4; lastKnownFileType = sourcecode.c.objc; path = CatalogCell.m; sourceTree = "<group>"; };
		270C73621D2119E500D45DAE /* CatalogCell.xib */ = {isa = PBXFileReference; fileEncoding = 4; lastKnownFileType = file.xib; path = CatalogCell.xib; sourceTree = "<group>"; };
		270C73651D211DB800D45DAE /* CatalogView.h */ = {isa = PBXFileReference; fileEncoding = 4; lastKnownFileType = sourcecode.c.h; path = CatalogView.h; sourceTree = "<group>"; };
		270C73661D211DB800D45DAE /* CatalogView.m */ = {isa = PBXFileReference; fileEncoding = 4; lastKnownFileType = sourcecode.c.objc; path = CatalogView.m; sourceTree = "<group>"; };
		270C73A21D227ABB00D45DAE /* JavaScriptCore.framework */ = {isa = PBXFileReference; lastKnownFileType = wrapper.framework; name = JavaScriptCore.framework; path = System/Library/Frameworks/JavaScriptCore.framework; sourceTree = SDKROOT; };
		270C73A41D237BD300D45DAE /* 7er.plist */ = {isa = PBXFileReference; fileEncoding = 4; lastKnownFileType = text.plist.xml; path = 7er.plist; sourceTree = "<group>"; };
		270C73A61D238B0500D45DAE /* Catalog.h */ = {isa = PBXFileReference; fileEncoding = 4; lastKnownFileType = sourcecode.c.h; path = Catalog.h; sourceTree = "<group>"; };
		270C73A71D238B0500D45DAE /* Catalog.m */ = {isa = PBXFileReference; fileEncoding = 4; lastKnownFileType = sourcecode.c.objc; path = Catalog.m; sourceTree = "<group>"; };
		270C73AA1D238B4700D45DAE /* MJArgument.h */ = {isa = PBXFileReference; fileEncoding = 4; lastKnownFileType = sourcecode.c.h; path = MJArgument.h; sourceTree = "<group>"; };
		270C73AB1D238B4700D45DAE /* MJArgument.m */ = {isa = PBXFileReference; fileEncoding = 4; lastKnownFileType = sourcecode.c.objc; path = MJArgument.m; sourceTree = "<group>"; };
		270C73AC1D238B4700D45DAE /* MJConst.h */ = {isa = PBXFileReference; fileEncoding = 4; lastKnownFileType = sourcecode.c.h; path = MJConst.h; sourceTree = "<group>"; };
		270C73AD1D238B4700D45DAE /* MJConst.m */ = {isa = PBXFileReference; fileEncoding = 4; lastKnownFileType = sourcecode.c.objc; path = MJConst.m; sourceTree = "<group>"; };
		270C73AE1D238B4700D45DAE /* MJExtension.h */ = {isa = PBXFileReference; fileEncoding = 4; lastKnownFileType = sourcecode.c.h; path = MJExtension.h; sourceTree = "<group>"; };
		270C73AF1D238B4700D45DAE /* MJFoundation.h */ = {isa = PBXFileReference; fileEncoding = 4; lastKnownFileType = sourcecode.c.h; path = MJFoundation.h; sourceTree = "<group>"; };
		270C73B01D238B4700D45DAE /* MJFoundation.m */ = {isa = PBXFileReference; fileEncoding = 4; lastKnownFileType = sourcecode.c.objc; path = MJFoundation.m; sourceTree = "<group>"; };
		270C73B11D238B4700D45DAE /* MJIvar.h */ = {isa = PBXFileReference; fileEncoding = 4; lastKnownFileType = sourcecode.c.h; path = MJIvar.h; sourceTree = "<group>"; };
		270C73B21D238B4700D45DAE /* MJIvar.m */ = {isa = PBXFileReference; fileEncoding = 4; lastKnownFileType = sourcecode.c.objc; path = MJIvar.m; sourceTree = "<group>"; };
		270C73B31D238B4700D45DAE /* MJMember.h */ = {isa = PBXFileReference; fileEncoding = 4; lastKnownFileType = sourcecode.c.h; path = MJMember.h; sourceTree = "<group>"; };
		270C73B41D238B4700D45DAE /* MJMember.m */ = {isa = PBXFileReference; fileEncoding = 4; lastKnownFileType = sourcecode.c.objc; path = MJMember.m; sourceTree = "<group>"; };
		270C73B51D238B4700D45DAE /* MJMethod.h */ = {isa = PBXFileReference; fileEncoding = 4; lastKnownFileType = sourcecode.c.h; path = MJMethod.h; sourceTree = "<group>"; };
		270C73B61D238B4700D45DAE /* MJMethod.m */ = {isa = PBXFileReference; fileEncoding = 4; lastKnownFileType = sourcecode.c.objc; path = MJMethod.m; sourceTree = "<group>"; };
		270C73B71D238B4700D45DAE /* MJType.h */ = {isa = PBXFileReference; fileEncoding = 4; lastKnownFileType = sourcecode.c.h; path = MJType.h; sourceTree = "<group>"; };
		270C73B81D238B4700D45DAE /* MJType.m */ = {isa = PBXFileReference; fileEncoding = 4; lastKnownFileType = sourcecode.c.objc; path = MJType.m; sourceTree = "<group>"; };
		270C73B91D238B4700D45DAE /* MJTypeEncoding.h */ = {isa = PBXFileReference; fileEncoding = 4; lastKnownFileType = sourcecode.c.h; path = MJTypeEncoding.h; sourceTree = "<group>"; };
		270C73BA1D238B4700D45DAE /* MJTypeEncoding.m */ = {isa = PBXFileReference; fileEncoding = 4; lastKnownFileType = sourcecode.c.objc; path = MJTypeEncoding.m; sourceTree = "<group>"; };
		270C73BB1D238B4700D45DAE /* NSObject+MJCoding.h */ = {isa = PBXFileReference; fileEncoding = 4; lastKnownFileType = sourcecode.c.h; path = "NSObject+MJCoding.h"; sourceTree = "<group>"; };
		270C73BC1D238B4700D45DAE /* NSObject+MJCoding.m */ = {isa = PBXFileReference; fileEncoding = 4; lastKnownFileType = sourcecode.c.objc; path = "NSObject+MJCoding.m"; sourceTree = "<group>"; };
		270C73BD1D238B4700D45DAE /* NSObject+MJKeyValue.h */ = {isa = PBXFileReference; fileEncoding = 4; lastKnownFileType = sourcecode.c.h; path = "NSObject+MJKeyValue.h"; sourceTree = "<group>"; };
		270C73BE1D238B4700D45DAE /* NSObject+MJKeyValue.m */ = {isa = PBXFileReference; fileEncoding = 4; lastKnownFileType = sourcecode.c.objc; path = "NSObject+MJKeyValue.m"; sourceTree = "<group>"; };
		270C73BF1D238B4700D45DAE /* NSObject+MJMember.h */ = {isa = PBXFileReference; fileEncoding = 4; lastKnownFileType = sourcecode.c.h; path = "NSObject+MJMember.h"; sourceTree = "<group>"; };
		270C73C01D238B4700D45DAE /* NSObject+MJMember.m */ = {isa = PBXFileReference; fileEncoding = 4; lastKnownFileType = sourcecode.c.objc; path = "NSObject+MJMember.m"; sourceTree = "<group>"; };
		2719F4EE1D23C2E20035DB5B /* web01 */ = {isa = PBXFileReference; lastKnownFileType = folder; path = web01; sourceTree = "<group>"; };
		276441421D24C4E20081E4C2 /* gaoxiaodongli_v7.mp4 */ = {isa = PBXFileReference; lastKnownFileType = file; path = gaoxiaodongli_v7.mp4; sourceTree = "<group>"; };
/* End PBXFileReference section */

/* Begin PBXFrameworksBuildPhase section */
		270C73101D1D297300D45DAE /* Frameworks */ = {
			isa = PBXFrameworksBuildPhase;
			buildActionMask = 2147483647;
			files = (
				270C73A31D227ABB00D45DAE /* JavaScriptCore.framework in Frameworks */,
			);
			runOnlyForDeploymentPostprocessing = 0;
		};
/* End PBXFrameworksBuildPhase section */

/* Begin PBXGroup section */
		270C730A1D1D297300D45DAE = {
			isa = PBXGroup;
			children = (
				270C73151D1D297300D45DAE /* CarBook */,
				270C73141D1D297300D45DAE /* Products */,
			);
			sourceTree = "<group>";
		};
		270C73141D1D297300D45DAE /* Products */ = {
			isa = PBXGroup;
			children = (
				270C73131D1D297300D45DAE /* CarBook.app */,
			);
			name = Products;
			sourceTree = "<group>";
		};
		270C73151D1D297300D45DAE /* CarBook */ = {
			isa = PBXGroup;
			children = (
				276441421D24C4E20081E4C2 /* gaoxiaodongli_v7.mp4 */,
				2719F4EE1D23C2E20035DB5B /* web01 */,
				270C73A91D238B4700D45DAE /* MJExtension */,
				270C73A41D237BD300D45DAE /* 7er.plist */,
				270C73A61D238B0500D45DAE /* Catalog.h */,
				270C73A71D238B0500D45DAE /* Catalog.m */,
				270C73441D1D47FA00D45DAE /* Catelog */,
				270C733E1D1D34AC00D45DAE /* View */,
				270C732D1D1D299900D45DAE /* ViewController */,
				270C73221D1D297300D45DAE /* Assets.xcassets */,
				270C73241D1D297300D45DAE /* LaunchScreen.storyboard */,
				270C73271D1D297300D45DAE /* Info.plist */,
				270C73161D1D297300D45DAE /* Supporting Files */,
			);
			path = CarBook;
			sourceTree = "<group>";
		};
		270C73161D1D297300D45DAE /* Supporting Files */ = {
			isa = PBXGroup;
			children = (
				270C73A21D227ABB00D45DAE /* JavaScriptCore.framework */,
				270C73171D1D297300D45DAE /* main.m */,
			);
			name = "Supporting Files";
			sourceTree = "<group>";
		};
		270C732D1D1D299900D45DAE /* ViewController */ = {
			isa = PBXGroup;
			children = (
				270C73501D1D502700D45DAE /* ContentViewController.h */,
				270C73511D1D502700D45DAE /* ContentViewController.m */,
				270C73391D1D2BB400D45DAE /* HomeViewController.h */,
				270C733A1D1D2BB400D45DAE /* HomeViewController.m */,
				270C733B1D1D2BB400D45DAE /* HomeViewController.xib */,
				270C732E1D1D299900D45DAE /* AppDelegate.h */,
				270C732F1D1D299900D45DAE /* AppDelegate.m */,
			);
			path = ViewController;
			sourceTree = "<group>";
		};
		270C733E1D1D34AC00D45DAE /* View */ = {
			isa = PBXGroup;
			children = (
				270C733F1D1D353600D45DAE /* HomeItemCell.h */,
				270C73401D1D353600D45DAE /* HomeItemCell.m */,
				270C73421D1D360D00D45DAE /* HomeItemCell.xib */,
				270C73531D210A3800D45DAE /* ContentMenuView.h */,
				270C73541D210A3800D45DAE /* ContentMenuView.m */,
				270C73581D21108000D45DAE /* ContentMenuView.xib */,
				270C73601D2119E500D45DAE /* CatalogCell.h */,
				270C73611D2119E500D45DAE /* CatalogCell.m */,
				270C73621D2119E500D45DAE /* CatalogCell.xib */,
				270C73651D211DB800D45DAE /* CatalogView.h */,
				270C73661D211DB800D45DAE /* CatalogView.m */,
			);
			path = View;
			sourceTree = "<group>";
		};
		270C73441D1D47FA00D45DAE /* Catelog */ = {
			isa = PBXGroup;
			children = (
				270C73451D1D47FA00D45DAE /* Foundation+Log.m */,
				270C73461D1D47FA00D45DAE /* UIBarButtonIten+Extension.h */,
				270C73471D1D47FA00D45DAE /* UIBarButtonIten+Extension.m */,
				270C73481D1D47FA00D45DAE /* UIView+AutoLayout.h */,
				270C73491D1D47FA00D45DAE /* UIView+AutoLayout.m */,
				270C734A1D1D47FA00D45DAE /* UIView+Extension.h */,
				270C734B1D1D47FA00D45DAE /* UIView+Extension.m */,
			);
			path = Catelog;
			sourceTree = "<group>";
		};
		270C73A91D238B4700D45DAE /* MJExtension */ = {
			isa = PBXGroup;
			children = (
				270C73AA1D238B4700D45DAE /* MJArgument.h */,
				270C73AB1D238B4700D45DAE /* MJArgument.m */,
				270C73AC1D238B4700D45DAE /* MJConst.h */,
				270C73AD1D238B4700D45DAE /* MJConst.m */,
				270C73AE1D238B4700D45DAE /* MJExtension.h */,
				270C73AF1D238B4700D45DAE /* MJFoundation.h */,
				270C73B01D238B4700D45DAE /* MJFoundation.m */,
				270C73B11D238B4700D45DAE /* MJIvar.h */,
				270C73B21D238B4700D45DAE /* MJIvar.m */,
				270C73B31D238B4700D45DAE /* MJMember.h */,
				270C73B41D238B4700D45DAE /* MJMember.m */,
				270C73B51D238B4700D45DAE /* MJMethod.h */,
				270C73B61D238B4700D45DAE /* MJMethod.m */,
				270C73B71D238B4700D45DAE /* MJType.h */,
				270C73B81D238B4700D45DAE /* MJType.m */,
				270C73B91D238B4700D45DAE /* MJTypeEncoding.h */,
				270C73BA1D238B4700D45DAE /* MJTypeEncoding.m */,
				270C73BB1D238B4700D45DAE /* NSObject+MJCoding.h */,
				270C73BC1D238B4700D45DAE /* NSObject+MJCoding.m */,
				270C73BD1D238B4700D45DAE /* NSObject+MJKeyValue.h */,
				270C73BE1D238B4700D45DAE /* NSObject+MJKeyValue.m */,
				270C73BF1D238B4700D45DAE /* NSObject+MJMember.h */,
				270C73C01D238B4700D45DAE /* NSObject+MJMember.m */,
			);
			name = MJExtension;
			path = "../../bmw产品培训/bmw产品培训/Main/LIB/MJExtension";
			sourceTree = "<group>";
		};
/* End PBXGroup section */

/* Begin PBXNativeTarget section */
		270C73121D1D297300D45DAE /* CarBook */ = {
			isa = PBXNativeTarget;
			buildConfigurationList = 270C732A1D1D297300D45DAE /* Build configuration list for PBXNativeTarget "CarBook" */;
			buildPhases = (
				270C730F1D1D297300D45DAE /* Sources */,
				270C73101D1D297300D45DAE /* Frameworks */,
				270C73111D1D297300D45DAE /* Resources */,
			);
			buildRules = (
			);
			dependencies = (
			);
			name = CarBook;
			productName = CarBook;
			productReference = 270C73131D1D297300D45DAE /* CarBook.app */;
			productType = "com.apple.product-type.application";
		};
/* End PBXNativeTarget section */

/* Begin PBXProject section */
		270C730B1D1D297300D45DAE /* Project object */ = {
			isa = PBXProject;
			attributes = {
				LastUpgradeCheck = 0730;
				ORGANIZATIONNAME = slinqueen;
				TargetAttributes = {
					270C73121D1D297300D45DAE = {
						CreatedOnToolsVersion = 7.3.1;
						DevelopmentTeam = VYJMDMQH9C;
					};
				};
			};
			buildConfigurationList = 270C730E1D1D297300D45DAE /* Build configuration list for PBXProject "CarBook" */;
			compatibilityVersion = "Xcode 3.2";
			developmentRegion = English;
			hasScannedForEncodings = 0;
			knownRegions = (
				en,
				Base,
			);
			mainGroup = 270C730A1D1D297300D45DAE;
			productRefGroup = 270C73141D1D297300D45DAE /* Products */;
			projectDirPath = "";
			projectRoot = "";
			targets = (
				270C73121D1D297300D45DAE /* CarBook */,
			);
		};
/* End PBXProject section */

/* Begin PBXResourcesBuildPhase section */
		270C73111D1D297300D45DAE /* Resources */ = {
			isa = PBXResourcesBuildPhase;
			buildActionMask = 2147483647;
			files = (
				270C73261D1D297300D45DAE /* LaunchScreen.storyboard in Resources */,
				270C73431D1D360D00D45DAE /* HomeItemCell.xib in Resources */,
				270C73A51D237BD300D45DAE /* 7er.plist in Resources */,
				276441431D24C4E20081E4C2 /* gaoxiaodongli_v7.mp4 in Resources */,
				270C73591D21108000D45DAE /* ContentMenuView.xib in Resources */,
				2719F4EF1D23C2E20035DB5B /* web01 in Resources */,
				270C73231D1D297300D45DAE /* Assets.xcassets in Resources */,
				270C733D1D1D2BB400D45DAE /* HomeViewController.xib in Resources */,
				270C73641D2119E500D45DAE /* CatalogCell.xib in Resources */,
			);
			runOnlyForDeploymentPostprocessing = 0;
		};
/* End PBXResourcesBuildPhase section */

/* Begin PBXSourcesBuildPhase section */
		270C730F1D1D297300D45DAE /* Sources */ = {
			isa = PBXSourcesBuildPhase;
			buildActionMask = 2147483647;
			files = (
				270C73321D1D299900D45DAE /* AppDelegate.m in Sources */,
				270C73CA1D238B4700D45DAE /* NSObject+MJKeyValue.m in Sources */,
				270C734C1D1D47FA00D45DAE /* Foundation+Log.m in Sources */,
				270C73A81D238B0500D45DAE /* Catalog.m in Sources */,
				270C73671D211DB800D45DAE /* CatalogView.m in Sources */,
				270C73C51D238B4700D45DAE /* MJMember.m in Sources */,
				270C73C21D238B4700D45DAE /* MJConst.m in Sources */,
				270C73C91D238B4700D45DAE /* NSObject+MJCoding.m in Sources */,
				270C73521D1D502700D45DAE /* ContentViewController.m in Sources */,
				270C73C81D238B4700D45DAE /* MJTypeEncoding.m in Sources */,
				270C73411D1D353600D45DAE /* HomeItemCell.m in Sources */,
				270C73C31D238B4700D45DAE /* MJFoundation.m in Sources */,
				270C73C61D238B4700D45DAE /* MJMethod.m in Sources */,
				270C73181D1D297300D45DAE /* main.m in Sources */,
				270C73561D210A3800D45DAE /* ContentMenuView.m in Sources */,
				270C73C41D238B4700D45DAE /* MJIvar.m in Sources */,
				270C73CB1D238B4700D45DAE /* NSObject+MJMember.m in Sources */,
				270C73631D2119E500D45DAE /* CatalogCell.m in Sources */,
				270C733C1D1D2BB400D45DAE /* HomeViewController.m in Sources */,
				270C734E1D1D47FA00D45DAE /* UIView+AutoLayout.m in Sources */,
				270C73C71D238B4700D45DAE /* MJType.m in Sources */,
				270C73C11D238B4700D45DAE /* MJArgument.m in Sources */,
				270C734F1D1D47FA00D45DAE /* UIView+Extension.m in Sources */,
				270C734D1D1D47FA00D45DAE /* UIBarButtonIten+Extension.m in Sources */,
			);
			runOnlyForDeploymentPostprocessing = 0;
		};
/* End PBXSourcesBuildPhase section */

/* Begin PBXVariantGroup section */
		270C73241D1D297300D45DAE /* LaunchScreen.storyboard */ = {
			isa = PBXVariantGroup;
			children = (
				270C73251D1D297300D45DAE /* Base */,
			);
			name = LaunchScreen.storyboard;
			sourceTree = "<group>";
		};
/* End PBXVariantGroup section */

/* Begin XCBuildConfiguration section */
		270C73281D1D297300D45DAE /* Debug */ = {
			isa = XCBuildConfiguration;
			buildSettings = {
				ALWAYS_SEARCH_USER_PATHS = NO;
				CLANG_ANALYZER_NONNULL = YES;
				CLANG_CXX_LANGUAGE_STANDARD = "gnu++0x";
				CLANG_CXX_LIBRARY = "libc++";
				CLANG_ENABLE_MODULES = YES;
				CLANG_ENABLE_OBJC_ARC = YES;
				CLANG_WARN_BOOL_CONVERSION = YES;
				CLANG_WARN_CONSTANT_CONVERSION = YES;
				CLANG_WARN_DIRECT_OBJC_ISA_USAGE = YES_ERROR;
				CLANG_WARN_EMPTY_BODY = YES;
				CLANG_WARN_ENUM_CONVERSION = YES;
				CLANG_WARN_INT_CONVERSION = YES;
				CLANG_WARN_OBJC_ROOT_CLASS = YES_ERROR;
				CLANG_WARN_UNREACHABLE_CODE = YES;
				CLANG_WARN__DUPLICATE_METHOD_MATCH = YES;
				"CODE_SIGN_IDENTITY[sdk=iphoneos*]" = "iPhone Developer";
				COPY_PHASE_STRIP = NO;
				DEBUG_INFORMATION_FORMAT = dwarf;
				ENABLE_STRICT_OBJC_MSGSEND = YES;
				ENABLE_TESTABILITY = YES;
				GCC_C_LANGUAGE_STANDARD = gnu99;
				GCC_DYNAMIC_NO_PIC = NO;
				GCC_NO_COMMON_BLOCKS = YES;
				GCC_OPTIMIZATION_LEVEL = 0;
				GCC_PREPROCESSOR_DEFINITIONS = (
					"DEBUG=1",
					"$(inherited)",
				);
				GCC_WARN_64_TO_32_BIT_CONVERSION = YES;
				GCC_WARN_ABOUT_RETURN_TYPE = YES_ERROR;
				GCC_WARN_UNDECLARED_SELECTOR = YES;
				GCC_WARN_UNINITIALIZED_AUTOS = YES_AGGRESSIVE;
				GCC_WARN_UNUSED_FUNCTION = YES;
				GCC_WARN_UNUSED_VARIABLE = YES;
				IPHONEOS_DEPLOYMENT_TARGET = 9.3;
				MTL_ENABLE_DEBUG_INFO = YES;
				ONLY_ACTIVE_ARCH = YES;
				SDKROOT = iphoneos;
				TARGETED_DEVICE_FAMILY = 2;
			};
			name = Debug;
		};
		270C73291D1D297300D45DAE /* Release */ = {
			isa = XCBuildConfiguration;
			buildSettings = {
				ALWAYS_SEARCH_USER_PATHS = NO;
				CLANG_ANALYZER_NONNULL = YES;
				CLANG_CXX_LANGUAGE_STANDARD = "gnu++0x";
				CLANG_CXX_LIBRARY = "libc++";
				CLANG_ENABLE_MODULES = YES;
				CLANG_ENABLE_OBJC_ARC = YES;
				CLANG_WARN_BOOL_CONVERSION = YES;
				CLANG_WARN_CONSTANT_CONVERSION = YES;
				CLANG_WARN_DIRECT_OBJC_ISA_USAGE = YES_ERROR;
				CLANG_WARN_EMPTY_BODY = YES;
				CLANG_WARN_ENUM_CONVERSION = YES;
				CLANG_WARN_INT_CONVERSION = YES;
				CLANG_WARN_OBJC_ROOT_CLASS = YES_ERROR;
				CLANG_WARN_UNREACHABLE_CODE = YES;
				CLANG_WARN__DUPLICATE_METHOD_MATCH = YES;
				"CODE_SIGN_IDENTITY[sdk=iphoneos*]" = "iPhone Developer";
				COPY_PHASE_STRIP = NO;
				DEBUG_INFORMATION_FORMAT = "dwarf-with-dsym";
				ENABLE_NS_ASSERTIONS = NO;
				ENABLE_STRICT_OBJC_MSGSEND = YES;
				GCC_C_LANGUAGE_STANDARD = gnu99;
				GCC_NO_COMMON_BLOCKS = YES;
				GCC_WARN_64_TO_32_BIT_CONVERSION = YES;
				GCC_WARN_ABOUT_RETURN_TYPE = YES_ERROR;
				GCC_WARN_UNDECLARED_SELECTOR = YES;
				GCC_WARN_UNINITIALIZED_AUTOS = YES_AGGRESSIVE;
				GCC_WARN_UNUSED_FUNCTION = YES;
				GCC_WARN_UNUSED_VARIABLE = YES;
				IPHONEOS_DEPLOYMENT_TARGET = 9.3;
				MTL_ENABLE_DEBUG_INFO = NO;
				SDKROOT = iphoneos;
				TARGETED_DEVICE_FAMILY = 2;
				VALIDATE_PRODUCT = YES;
			};
			name = Release;
		};
		270C732B1D1D297300D45DAE /* Debug */ = {
			isa = XCBuildConfiguration;
			buildSettings = {
				ASSETCATALOG_COMPILER_APPICON_NAME = AppIcon;
				CODE_SIGN_IDENTITY = "iPhone Distribution: Slin Queen Communication(Beijing)Co.,Ltd";
				INFOPLIST_FILE = CarBook/Info.plist;
				IPHONEOS_DEPLOYMENT_TARGET = 8.0;
				LD_RUNPATH_SEARCH_PATHS = "$(inherited) @executable_path/Frameworks";
				PRODUCT_BUNDLE_IDENTIFIER = com.slinqueen.test.carbook;
				PRODUCT_NAME = "$(TARGET_NAME)";
				PROVISIONING_PROFILE = "62921d0d-a87f-4bf6-9152-cf368272e739";
			};
			name = Debug;
		};
		270C732C1D1D297300D45DAE /* Release */ = {
			isa = XCBuildConfiguration;
			buildSettings = {
				ASSETCATALOG_COMPILER_APPICON_NAME = AppIcon;
				CODE_SIGN_IDENTITY = "iPhone Distribution: Slin Queen Communication(Beijing)Co.,Ltd";
				"CODE_SIGN_IDENTITY[sdk=iphoneos*]" = "iPhone Distribution: Slin Queen Communication(Beijing)Co.,Ltd";
				INFOPLIST_FILE = CarBook/Info.plist;
				IPHONEOS_DEPLOYMENT_TARGET = 8.0;
				LD_RUNPATH_SEARCH_PATHS = "$(inherited) @executable_path/Frameworks";
				PRODUCT_BUNDLE_IDENTIFIER = com.slinqueen.test.carbook;
				PRODUCT_NAME = "$(TARGET_NAME)";
				PROVISIONING_PROFILE = "62921d0d-a87f-4bf6-9152-cf368272e739";
			};
			name = Release;
		};
/* End XCBuildConfiguration section */

/* Begin XCConfigurationList section */
		270C730E1D1D297300D45DAE /* Build configuration list for PBXProject "CarBook" */ = {
			isa = XCConfigurationList;
			buildConfigurations = (
				270C73281D1D297300D45DAE /* Debug */,
				270C73291D1D297300D45DAE /* Release */,
			);
			defaultConfigurationIsVisible = 0;
			defaultConfigurationName = Release;
		};
		270C732A1D1D297300D45DAE /* Build configuration list for PBXNativeTarget "CarBook" */ = {
			isa = XCConfigurationList;
			buildConfigurations = (
				270C732B1D1D297300D45DAE /* Debug */,
				270C732C1D1D297300D45DAE /* Release */,
			);
			defaultConfigurationIsVisible = 0;
			defaultConfigurationName = Release;
		};
/* End XCConfigurationList section */
	};
	rootObject = 270C730B1D1D297300D45DAE /* Project object */;
}
